
Microsoft Visual Studio Solution File, Format Version 12.00
# Visual Studio Version 17
VisualStudioVersion = 17.1.32319.34
MinimumVisualStudioVersion = 10.0.40219.1
Project("{9A19103F-16F7-4668-BE54-9A1E7A4F7556}") = "Customers.Api", "Customers.Api.csproj", "{C0E56251-5918-431D-97A4-F1EDA1DD4BBC}"
EndProject
Project("{FAE04EC0-301F-11D3-BF4B-00C04F79EFBC}") = "Customers.UnitTest", "Customers.UnitTest\Customers.UnitTest.csproj", "{D2F2FA6A-B60E-4EC4-86A2-53A0DFA48930}"
EndProject
Global
	GlobalSection(SolutionConfigurationPlatforms) = preSolution
		Debug|Any CPU = Debug|Any CPU
		Release|Any CPU = Release|Any CPU
	EndGlobalSection
	GlobalSection(ProjectConfigurationPlatforms) = postSolution
		{C0E56251-5918-431D-97A4-F1EDA1DD4BBC}.Debug|Any CPU.ActiveCfg = Debug|Any CPU
		{C0E56251-5918-431D-97A4-F1EDA1DD4BBC}.Debug|Any CPU.Build.0 = Debug|Any CPU
		{C0E56251-5918-431D-97A4-F1EDA1DD4BBC}.Release|Any CPU.ActiveCfg = Release|Any CPU
		{C0E56251-5918-431D-97A4-F1EDA1DD4BBC}.Release|Any CPU.Build.0 = Release|Any CPU
		{D2F2FA6A-B60E-4EC4-86A2-53A0DFA48930}.Debug|Any CPU.ActiveCfg = Debug|Any CPU
		{D2F2FA6A-B60E-4EC4-86A2-53A0DFA48930}.Debug|Any CPU.Build.0 = Debug|Any CPU
		{D2F2FA6A-B60E-4EC4-86A2-53A0DFA48930}.Release|Any CPU.ActiveCfg = Release|Any CPU
		{D2F2FA6A-B60E-4EC4-86A2-53A0DFA48930}.Release|Any CPU.Build.0 = Release|Any CPU
	EndGlobalSection
	GlobalSection(SolutionProperties) = preSolution
		HideSolutionNode = FALSE
	EndGlobalSection
	GlobalSection(ExtensibilityGlobals) = postSolution
		SolutionGuid = {8EE82EEE-18F2-4DD2-89F2-B2660208C367}
	EndGlobalSection
EndGlobal
